// !$*UTF8*$!
{
	archiveVersion = 1;
	classes = {
	};
	objectVersion = 56;
	objects = {

/* Begin PBXBuildFile section */
		C37AC9792938BD40008A8969 /* AppDelegate.swift in Sources */ = {isa = PBXBuildFile; fileRef = C37AC9782938BD40008A8969 /* AppDelegate.swift */; };
		C37AC97B2938BD40008A8969 /* SceneDelegate.swift in Sources */ = {isa = PBXBuildFile; fileRef = C37AC97A2938BD40008A8969 /* SceneDelegate.swift */; };
		C37AC97D2938BD40008A8969 /* ViewController.swift in Sources */ = {isa = PBXBuildFile; fileRef = C37AC97C2938BD40008A8969 /* ViewController.swift */; };
		C37AC9802938BD40008A8969 /* Main.storyboard in Resources */ = {isa = PBXBuildFile; fileRef = C37AC97E2938BD40008A8969 /* Main.storyboard */; };
		C37AC9822938BD44008A8969 /* Assets.xcassets in Resources */ = {isa = PBXBuildFile; fileRef = C37AC9812938BD44008A8969 /* Assets.xcassets */; };
		C37AC9852938BD44008A8969 /* LaunchScreen.storyboard in Resources */ = {isa = PBXBuildFile; fileRef = C37AC9832938BD44008A8969 /* LaunchScreen.storyboard */; };
		C37AC9922938ED68008A8969 /* snow.sks in Resources */ = {isa = PBXBuildFile; fileRef = C37AC9902938ED68008A8969 /* snow.sks */; };
		C37AC9932938ED68008A8969 /* Assets.xcassets in Resources */ = {isa = PBXBuildFile; fileRef = C37AC9912938ED68008A8969 /* Assets.xcassets */; };
		C37AC9952938F0D9008A8969 /* spark.sks in Resources */ = {isa = PBXBuildFile; fileRef = C37AC9942938F0D9008A8969 /* spark.sks */; };
		C37AC9992939090F008A8969 /* fire.sks in Resources */ = {isa = PBXBuildFile; fileRef = C37AC9982939090F008A8969 /* fire.sks */; };
/* End PBXBuildFile section */

/* Begin PBXFileReference section */
		C37AC9752938BD40008A8969 /* navigation.app */ = {isa = PBXFileReference; explicitFileType = wrapper.application; includeInIndex = 0; path = navigation.app; sourceTree = BUILT_PRODUCTS_DIR; };
		C37AC9782938BD40008A8969 /* AppDelegate.swift */ = {isa = PBXFileReference; lastKnownFileType = sourcecode.swift; path = AppDelegate.swift; sourceTree = "<group>"; };
		C37AC97A2938BD40008A8969 /* SceneDelegate.swift */ = {isa = PBXFileReference; lastKnownFileType = sourcecode.swift; path = SceneDelegate.swift; sourceTree = "<group>"; };
		C37AC97C2938BD40008A8969 /* ViewController.swift */ = {isa = PBXFileReference; lastKnownFileType = sourcecode.swift; path = ViewController.swift; sourceTree = "<group>"; };
		C37AC97F2938BD40008A8969 /* Base */ = {isa = PBXFileReference; lastKnownFileType = file.storyboard; name = Base; path = Base.lproj/Main.storyboard; sourceTree = "<group>"; };
		C37AC9812938BD44008A8969 /* Assets.xcassets */ = {isa = PBXFileReference; lastKnownFileType = folder.assetcatalog; path = Assets.xcassets; sourceTree = "<group>"; };
		C37AC9842938BD44008A8969 /* Base */ = {isa = PBXFileReference; lastKnownFileType = file.storyboard; name = Base; path = Base.lproj/LaunchScreen.storyboard; sourceTree = "<group>"; };
		C37AC9862938BD44008A8969 /* Info.plist */ = {isa = PBXFileReference; lastKnownFileType = text.plist.xml; path = Info.plist; sourceTree = "<group>"; };
		C37AC9902938ED68008A8969 /* snow.sks */ = {isa = PBXFileReference; lastKnownFileType = file.sks; path = snow.sks; sourceTree = "<group>"; };
		C37AC9912938ED68008A8969 /* Assets.xcassets */ = {isa = PBXFileReference; lastKnownFileType = folder.assetcatalog; path = Assets.xcassets; sourceTree = "<group>"; };
		C37AC9942938F0D9008A8969 /* spark.sks */ = {isa = PBXFileReference; lastKnownFileType = file.sks; path = spark.sks; sourceTree = "<group>"; };
		C37AC9982939090F008A8969 /* fire.sks */ = {isa = PBXFileReference; lastKnownFileType = file.sks; path = fire.sks; sourceTree = "<group>"; };
/* End PBXFileReference section */

/* Begin PBXFrameworksBuildPhase section */
		C37AC9722938BD40008A8969 /* Frameworks */ = {
			isa = PBXFrameworksBuildPhase;
			buildActionMask = 2147483647;
			files = (
			);
			runOnlyForDeploymentPostprocessing = 0;
		};
/* End PBXFrameworksBuildPhase section */

/* Begin PBXGroup section */
		C37AC96C2938BD40008A8969 = {
			isa = PBXGroup;
			children = (
				C37AC9942938F0D9008A8969 /* spark.sks */,
				C37AC9902938ED68008A8969 /* snow.sks */,
				C37AC9912938ED68008A8969 /* Assets.xcassets */,
				C37AC9772938BD40008A8969 /* navigation */,
				C37AC9762938BD40008A8969 /* Products */,
			);
			sourceTree = "<group>";
		};
		C37AC9762938BD40008A8969 /* Products */ = {
			isa = PBXGroup;
			children = (
				C37AC9752938BD40008A8969 /* navigation.app */,
			);
			name = Products;
			sourceTree = "<group>";
		};
		C37AC9772938BD40008A8969 /* navigation */ = {
			isa = PBXGroup;
			children = (
				C37AC9782938BD40008A8969 /* AppDelegate.swift */,
				C37AC97A2938BD40008A8969 /* SceneDelegate.swift */,
				C37AC97C2938BD40008A8969 /* ViewController.swift */,
				C37AC97E2938BD40008A8969 /* Main.storyboard */,
				C37AC9982939090F008A8969 /* fire.sks */,
				C37AC9812938BD44008A8969 /* Assets.xcassets */,
				C37AC9832938BD44008A8969 /* LaunchScreen.storyboard */,
				C37AC9862938BD44008A8969 /* Info.plist */,
			);
			path = navigation;
			sourceTree = "<group>";
		};
/* End PBXGroup section */

/* Begin PBXNativeTarget section */
		C37AC9742938BD40008A8969 /* navigation */ = {
			isa = PBXNativeTarget;
			buildConfigurationList = C37AC9892938BD45008A8969 /* Build configuration list for PBXNativeTarget "navigation" */;
			buildPhases = (
				C37AC9712938BD40008A8969 /* Sources */,
				C37AC9722938BD40008A8969 /* Frameworks */,
				C37AC9732938BD40008A8969 /* Resources */,
			);
			buildRules = (
			);
			dependencies = (
			);
			name = navigation;
			productName = navigation;
			productReference = C37AC9752938BD40008A8969 /* navigation.app */;
			productType = "com.apple.product-type.application";
		};
/* End PBXNativeTarget section */

/* Begin PBXProject section */
		C37AC96D2938BD40008A8969 /* Project object */ = {
			isa = PBXProject;
			attributes = {
				BuildIndependentTargetsInParallel = 1;
				LastSwiftUpdateCheck = 1410;
				LastUpgradeCheck = 1410;
				TargetAttributes = {
					C37AC9742938BD40008A8969 = {
						CreatedOnToolsVersion = 14.1;
					};
				};
			};
			buildConfigurationList = C37AC9702938BD40008A8969 /* Build configuration list for PBXProject "navigation" */;
			compatibilityVersion = "Xcode 14.0";
			developmentRegion = en;
			hasScannedForEncodings = 0;
			knownRegions = (
				en,
				Base,
			);
			mainGroup = C37AC96C2938BD40008A8969;
			productRefGroup = C37AC9762938BD40008A8969 /* Products */;
			projectDirPath = "";
			projectRoot = "";
			targets = (
				C37AC9742938BD40008A8969 /* navigation */,
			);
		};
/* End PBXProject section */

/* Begin PBXResourcesBuildPhase section */
		C37AC9732938BD40008A8969 /* Resources */ = {
			isa = PBXResourcesBuildPhase;
			buildActionMask = 2147483647;
			files = (
				C37AC9852938BD44008A8969 /* LaunchScreen.storyboard in Resources */,
				C37AC9952938F0D9008A8969 /* spark.sks in Resources */,
				C37AC9822938BD44008A8969 /* Assets.xcassets in Resources */,
				C37AC9992939090F008A8969 /* fire.sks in Resources */,
				C37AC9922938ED68008A8969 /* snow.sks in Resources */,
				C37AC9802938BD40008A8969 /* Main.storyboard in Resources */,
				C37AC9932938ED68008A8969 /* Assets.xcassets in Resources */,
			);
			runOnlyForDeploymentPostprocessing = 0;
		};
/* End PBXResourcesBuildPhase section */

/* Begin PBXSourcesBuildPhase section */
		C37AC9712938BD40008A8969 /* Sources */ = {
			isa = PBXSourcesBuildPhase;
			buildActionMask = 2147483647;
			files = (
				C37AC97D2938BD40008A8969 /* ViewController.swift in Sources */,
				C37AC9792938BD40008A8969 /* AppDelegate.swift in Sources */,
				C37AC97B2938BD40008A8969 /* SceneDelegate.swift in Sources */,
			);
			runOnlyForDeploymentPostprocessing = 0;
		};
/* End PBXSourcesBuildPhase section */

/* Begin PBXVariantGroup section */
		C37AC97E2938BD40008A8969 /* Main.storyboard */ = {
			isa = PBXVariantGroup;
			children = (
				C37AC97F2938BD40008A8969 /* Base */,
			);
			name = Main.storyboard;
			sourceTree = "<group>";
		};
		C37AC9832938BD44008A8969 /* LaunchScreen.storyboard */ = {
			isa = PBXVariantGroup;
			children = (
				C37AC9842938BD44008A8969 /* Base */,
			);
			name = LaunchScreen.storyboard;
			sourceTree = "<group>";
		};
/* End PBXVariantGroup section */

/* Begin XCBuildConfiguration section */
		C37AC9872938BD44008A8969 /* Debug */ = {
			isa = XCBuildConfiguration;
			buildSettings = {
				ALWAYS_SEARCH_USER_PATHS = NO;
				CLANG_ANALYZER_NONNULL = YES;
				CLANG_ANALYZER_NUMBER_OBJECT_CONVERSION = YES_AGGRESSIVE;
				CLANG_CXX_LANGUAGE_STANDARD = "gnu++20";
				CLANG_ENABLE_MODULES = YES;
				CLANG_ENABLE_OBJC_ARC = YES;
				CLANG_ENABLE_OBJC_WEAK = YES;
				CLANG_WARN_BLOCK_CAPTURE_AUTORELEASING = YES;
				CLANG_WARN_BOOL_CONVERSION = YES;
				CLANG_WARN_COMMA = YES;
				CLANG_WARN_CONSTANT_CONVERSION = YES;
				CLANG_WARN_DEPRECATED_OBJC_IMPLEMENTATIONS = YES;
				CLANG_WARN_DIRECT_OBJC_ISA_USAGE = YES_ERROR;
				CLANG_WARN_DOCUMENTATION_COMMENTS = YES;
				CLANG_WARN_EMPTY_BODY = YES;
				CLANG_WARN_ENUM_CONVERSION = YES;
				CLANG_WARN_INFINITE_RECURSION = YES;
				CLANG_WARN_INT_CONVERSION = YES;
				CLANG_WARN_NON_LITERAL_NULL_CONVERSION = YES;
				CLANG_WARN_OBJC_IMPLICIT_RETAIN_SELF = YES;
				CLANG_WARN_OBJC_LITERAL_CONVERSION = YES;
				CLANG_WARN_OBJC_ROOT_CLASS = YES_ERROR;
				CLANG_WARN_QUOTED_INCLUDE_IN_FRAMEWORK_HEADER = YES;
				CLANG_WARN_RANGE_LOOP_ANALYSIS = YES;
				CLANG_WARN_STRICT_PROTOTYPES = YES;
				CLANG_WARN_SUSPICIOUS_MOVE = YES;
				CLANG_WARN_UNGUARDED_AVAILABILITY = YES_AGGRESSIVE;
				CLANG_WARN_UNREACHABLE_CODE = YES;
				CLANG_WARN__DUPLICATE_METHOD_MATCH = YES;
				COPY_PHASE_STRIP = NO;
				DEBUG_INFORMATION_FORMAT = dwarf;
				ENABLE_STRICT_OBJC_MSGSEND = YES;
				ENABLE_TESTABILITY = YES;
				GCC_C_LANGUAGE_STANDARD = gnu11;
				GCC_DYNAMIC_NO_PIC = NO;
				GCC_NO_COMMON_BLOCKS = YES;
				GCC_OPTIMIZATION_LEVEL = 0;
				GCC_PREPROCESSOR_DEFINITIONS = (
					"DEBUG=1",
					"$(inherited)",
				);
				GCC_WARN_64_TO_32_BIT_CONVERSION = YES;
				GCC_WARN_ABOUT_RETURN_TYPE = YES_ERROR;
				GCC_WARN_UNDECLARED_SELECTOR = YES;
				GCC_WARN_UNINITIALIZED_AUTOS = YES_AGGRESSIVE;
				GCC_WARN_UNUSED_FUNCTION = YES;
				GCC_WARN_UNUSED_VARIABLE = YES;
				IPHONEOS_DEPLOYMENT_TARGET = 16.1;
				MTL_ENABLE_DEBUG_INFO = INCLUDE_SOURCE;
				MTL_FAST_MATH = YES;
				ONLY_ACTIVE_ARCH = YES;
				SDKROOT = iphoneos;
				SWIFT_ACTIVE_COMPILATION_CONDITIONS = DEBUG;
				SWIFT_OPTIMIZATION_LEVEL = "-Onone";
			};
			name = Debug;
		};
		C37AC9882938BD44008A8969 /* Release */ = {
			isa = XCBuildConfiguration;
			buildSettings = {
				ALWAYS_SEARCH_USER_PATHS = NO;
				CLANG_ANALYZER_NONNULL = YES;
				CLANG_ANALYZER_NUMBER_OBJECT_CONVERSION = YES_AGGRESSIVE;
				CLANG_CXX_LANGUAGE_STANDARD = "gnu++20";
				CLANG_ENABLE_MODULES = YES;
				CLANG_ENABLE_OBJC_ARC = YES;
				CLANG_ENABLE_OBJC_WEAK = YES;
				CLANG_WARN_BLOCK_CAPTURE_AUTORELEASING = YES;
				CLANG_WARN_BOOL_CONVERSION = YES;
				CLANG_WARN_COMMA = YES;
				CLANG_WARN_CONSTANT_CONVERSION = YES;
				CLANG_WARN_DEPRECATED_OBJC_IMPLEMENTATIONS = YES;
				CLANG_WARN_DIRECT_OBJC_ISA_USAGE = YES_ERROR;
				CLANG_WARN_DOCUMENTATION_COMMENTS = YES;
				CLANG_WARN_EMPTY_BODY = YES;
				CLANG_WARN_ENUM_CONVERSION = YES;
				CLANG_WARN_INFINITE_RECURSION = YES;
				CLANG_WARN_INT_CONVERSION = YES;
				CLANG_WARN_NON_LITERAL_NULL_CONVERSION = YES;
				CLANG_WARN_OBJC_IMPLICIT_RETAIN_SELF = YES;
				CLANG_WARN_OBJC_LITERAL_CONVERSION = YES;
				CLANG_WARN_OBJC_ROOT_CLASS = YES_ERROR;
				CLANG_WARN_QUOTED_INCLUDE_IN_FRAMEWORK_HEADER = YES;
				CLANG_WARN_RANGE_LOOP_ANALYSIS = YES;
				CLANG_WARN_STRICT_PROTOTYPES = YES;
				CLANG_WARN_SUSPICIOUS_MOVE = YES;
				CLANG_WARN_UNGUARDED_AVAILABILITY = YES_AGGRESSIVE;
				CLANG_WARN_UNREACHABLE_CODE = YES;
				CLANG_WARN__DUPLICATE_METHOD_MATCH = YES;
				COPY_PHASE_STRIP = NO;
				DEBUG_INFORMATION_FORMAT = "dwarf-with-dsym";
				ENABLE_NS_ASSERTIONS = NO;
				ENABLE_STRICT_OBJC_MSGSEND = YES;
				GCC_C_LANGUAGE_STANDARD = gnu11;
				GCC_NO_COMMON_BLOCKS = YES;
				GCC_WARN_64_TO_32_BIT_CONVERSION = YES;
				GCC_WARN_ABOUT_RETURN_TYPE = YES_ERROR;
				GCC_WARN_UNDECLARED_SELECTOR = YES;
				GCC_WARN_UNINITIALIZED_AUTOS = YES_AGGRESSIVE;
				GCC_WARN_UNUSED_FUNCTION = YES;
				GCC_WARN_UNUSED_VARIABLE = YES;
				IPHONEOS_DEPLOYMENT_TARGET = 16.1;
				MTL_ENABLE_DEBUG_INFO = NO;
				MTL_FAST_MATH = YES;
				SDKROOT = iphoneos;
				SWIFT_COMPILATION_MODE = wholemodule;
				SWIFT_OPTIMIZATION_LEVEL = "-O";
				VALIDATE_PRODUCT = YES;
			};
			name = Release;
		};
		C37AC98A2938BD45008A8969 /* Debug */ = {
			isa = XCBuildConfiguration;
			buildSettings = {
				ASSETCATALOG_COMPILER_APPICON_NAME = AppIcon;
				ASSETCATALOG_COMPILER_GLOBAL_ACCENT_COLOR_NAME = AccentColor;
				CODE_SIGN_STYLE = Automatic;
				CURRENT_PROJECT_VERSION = 1;
				DEVELOPMENT_TEAM = 4AHFU5YC98;
				GENERATE_INFOPLIST_FILE = YES;
				INFOPLIST_FILE = navigation/Info.plist;
				INFOPLIST_KEY_UIApplicationSupportsIndirectInputEvents = YES;
				INFOPLIST_KEY_UILaunchStoryboardName = LaunchScreen;
				INFOPLIST_KEY_UIMainStoryboardFile = Main;
				INFOPLIST_KEY_UISupportedInterfaceOrientations_iPad = "UIInterfaceOrientationPortrait UIInterfaceOrientationPortraitUpsideDown UIInterfaceOrientationLandscapeLeft UIInterfaceOrientationLandscapeRight";
				INFOPLIST_KEY_UISupportedInterfaceOrientations_iPhone = "UIInterfaceOrientationPortrait UIInterfaceOrientationLandscapeLeft UIInterfaceOrientationLandscapeRight";
				LD_RUNPATH_SEARCH_PATHS = (
					"$(inherited)",
					"@executable_path/Frameworks",
				);
				MARKETING_VERSION = 1.0;
				PRODUCT_BUNDLE_IDENTIFIER = com.romanY.navigation;
				PRODUCT_NAME = "$(TARGET_NAME)";
				SWIFT_EMIT_LOC_STRINGS = YES;
				SWIFT_VERSION = 5.0;
				TARGETED_DEVICE_FAMILY = "1,2";
			};
			name = Debug;
		};
		C37AC98B2938BD45008A8969 /* Release */ = {
			isa = XCBuildConfiguration;
			buildSettings = {
				ASSETCATALOG_COMPILER_APPICON_NAME = AppIcon;
				ASSETCATALOG_COMPILER_GLOBAL_ACCENT_COLOR_NAME = AccentColor;
				CODE_SIGN_STYLE = Automatic;
				CURRENT_PROJECT_VERSION = 1;
				DEVELOPMENT_TEAM = 4AHFU5YC98;
				GENERATE_INFOPLIST_FILE = YES;
				INFOPLIST_FILE = navigation/Info.plist;
				INFOPLIST_KEY_UIApplicationSupportsIndirectInputEvents = YES;
				INFOPLIST_KEY_UILaunchStoryboardName = LaunchScreen;
				INFOPLIST_KEY_UIMainStoryboardFile = Main;
				INFOPLIST_KEY_UISupportedInterfaceOrientations_iPad = "UIInterfaceOrientationPortrait UIInterfaceOrientationPortraitUpsideDown UIInterfaceOrientationLandscapeLeft UIInterfaceOrientationLandscapeRight";
				INFOPLIST_KEY_UISupportedInterfaceOrientations_iPhone = "UIInterfaceOrientationPortrait UIInterfaceOrientationLandscapeLeft UIInterfaceOrientationLandscapeRight";
				LD_RUNPATH_SEARCH_PATHS = (
					"$(inherited)",
					"@executable_path/Frameworks",
				);
				MARKETING_VERSION = 1.0;
				PRODUCT_BUNDLE_IDENTIFIER = com.romanY.navigation;
				PRODUCT_NAME = "$(TARGET_NAME)";
				SWIFT_EMIT_LOC_STRINGS = YES;
				SWIFT_VERSION = 5.0;
				TARGETED_DEVICE_FAMILY = "1,2";
			};
			name = Release;
		};
/* End XCBuildConfiguration section */

/* Begin XCConfigurationList section */
		C37AC9702938BD40008A8969 /* Build configuration list for PBXProject "navigation" */ = {
			isa = XCConfigurationList;
			buildConfigurations = (
				C37AC9872938BD44008A8969 /* Debug */,
				C37AC9882938BD44008A8969 /* Release */,
			);
			defaultConfigurationIsVisible = 0;
			defaultConfigurationName = Release;
		};
		C37AC9892938BD45008A8969 /* Build configuration list for PBXNativeTarget "navigation" */ = {
			isa = XCConfigurationList;
			buildConfigurations = (
				C37AC98A2938BD45008A8969 /* Debug */,
				C37AC98B2938BD45008A8969 /* Release */,
			);
			defaultConfigurationIsVisible = 0;
			defaultConfigurationName = Release;
		};
/* End XCConfigurationList section */
	};
	rootObject = C37AC96D2938BD40008A8969 /* Project object */;
}
